
Microsoft Visual Studio Solution File, Format Version 12.00
# Visual Studio 2013
VisualStudioVersion = 12.0.21005.1
MinimumVisualStudioVersion = 10.0.40219.1
Project("{FAE04EC0-301F-11D3-BF4B-00C04F79EFBC}") = "RedPill", "RedPill\RedPill.csproj", "{FC105738-BBD4-429A-8FA8-2606C0F4DB69}"
EndProject
Project("{FAE04EC0-301F-11D3-BF4B-00C04F79EFBC}") = "RedPill.Tests", "RedPill.Tests\RedPill.Tests.csproj", "{1756ADC5-B664-4FD9-8261-9A405A449B8B}"
EndProject
Global
	GlobalSection(SolutionConfigurationPlatforms) = preSolution
		Debug|Any CPU = Debug|Any CPU
		Release|Any CPU = Release|Any CPU
	EndGlobalSection
	GlobalSection(ProjectConfigurationPlatforms) = postSolution
		{FC105738-BBD4-429A-8FA8-2606C0F4DB69}.Debug|Any CPU.ActiveCfg = Debug|Any CPU
		{FC105738-BBD4-429A-8FA8-2606C0F4DB69}.Debug|Any CPU.Build.0 = Debug|Any CPU
		{FC105738-BBD4-429A-8FA8-2606C0F4DB69}.Release|Any CPU.ActiveCfg = Release|Any CPU
		{FC105738-BBD4-429A-8FA8-2606C0F4DB69}.Release|Any CPU.Build.0 = Release|Any CPU
		{1756ADC5-B664-4FD9-8261-9A405A449B8B}.Debug|Any CPU.ActiveCfg = Debug|Any CPU
		{1756ADC5-B664-4FD9-8261-9A405A449B8B}.Debug|Any CPU.Build.0 = Debug|Any CPU
		{1756ADC5-B664-4FD9-8261-9A405A449B8B}.Release|Any CPU.ActiveCfg = Release|Any CPU
		{1756ADC5-B664-4FD9-8261-9A405A449B8B}.Release|Any CPU.Build.0 = Release|Any CPU
	EndGlobalSection
	GlobalSection(SolutionProperties) = preSolution
		HideSolutionNode = FALSE
	EndGlobalSection
	GlobalSection(ExtensibilityGlobals) = postSolution
		EnterpriseLibraryConfigurationToolBinariesPath = packages\Unity.2.1.505.2\lib\NET35
	EndGlobalSection
EndGlobal
